// !$*UTF8*$!
{
	archiveVersion = 1;
	classes = {
	};
	objectVersion = 55;
	objects = {

/* Begin PBXBuildFile section */
		AB7AE30F2817049E00DDC186 /* WebView.swift in Sources */ = {isa = PBXBuildFile; fileRef = AB7AE30E2817049E00DDC186 /* WebView.swift */; };
		AB7AE31128173C5400DDC186 /* OfflineScreen.swift in Sources */ = {isa = PBXBuildFile; fileRef = AB7AE31028173C5400DDC186 /* OfflineScreen.swift */; };
		ABFEB70227F9F14C00DA7084 /* AppDelegate.swift in Sources */ = {isa = PBXBuildFile; fileRef = ABFEB70127F9F14C00DA7084 /* AppDelegate.swift */; };
		ABFEB70427F9F14C00DA7084 /* SceneDelegate.swift in Sources */ = {isa = PBXBuildFile; fileRef = ABFEB70327F9F14C00DA7084 /* SceneDelegate.swift */; };
		ABFEB70627F9F14C00DA7084 /* ViewController.swift in Sources */ = {isa = PBXBuildFile; fileRef = ABFEB70527F9F14C00DA7084 /* ViewController.swift */; };
		ABFEB70927F9F14C00DA7084 /* Main.storyboard in Resources */ = {isa = PBXBuildFile; fileRef = ABFEB70727F9F14C00DA7084 /* Main.storyboard */; };
		ABFEB70B27F9F14E00DA7084 /* Assets.xcassets in Resources */ = {isa = PBXBuildFile; fileRef = ABFEB70A27F9F14E00DA7084 /* Assets.xcassets */; };
		ABFEB70E27F9F14E00DA7084 /* LaunchScreen.storyboard in Resources */ = {isa = PBXBuildFile; fileRef = ABFEB70C27F9F14E00DA7084 /* LaunchScreen.storyboard */; };
		ABFEB71627F9F3DC00DA7084 /* APICaller.swift in Sources */ = {isa = PBXBuildFile; fileRef = ABFEB71527F9F3DC00DA7084 /* APICaller.swift */; };
		ABFEB71827FA014100DA7084 /* NewsTableViewCell.swift in Sources */ = {isa = PBXBuildFile; fileRef = ABFEB71727FA014100DA7084 /* NewsTableViewCell.swift */; };
		ABFEB71A27FAFD0300DA7084 /* XMLParser.swift in Sources */ = {isa = PBXBuildFile; fileRef = ABFEB71927FAFD0300DA7084 /* XMLParser.swift */; };
/* End PBXBuildFile section */

/* Begin PBXFileReference section */
		AB7AE30E2817049E00DDC186 /* WebView.swift */ = {isa = PBXFileReference; lastKnownFileType = sourcecode.swift; path = WebView.swift; sourceTree = "<group>"; };
		AB7AE31028173C5400DDC186 /* OfflineScreen.swift */ = {isa = PBXFileReference; lastKnownFileType = sourcecode.swift; path = OfflineScreen.swift; sourceTree = "<group>"; };
		ABFEB6FE27F9F14C00DA7084 /* Il Post News.app */ = {isa = PBXFileReference; explicitFileType = wrapper.application; includeInIndex = 0; path = "Il Post News.app"; sourceTree = BUILT_PRODUCTS_DIR; };
		ABFEB70127F9F14C00DA7084 /* AppDelegate.swift */ = {isa = PBXFileReference; lastKnownFileType = sourcecode.swift; path = AppDelegate.swift; sourceTree = "<group>"; };
		ABFEB70327F9F14C00DA7084 /* SceneDelegate.swift */ = {isa = PBXFileReference; lastKnownFileType = sourcecode.swift; path = SceneDelegate.swift; sourceTree = "<group>"; };
		ABFEB70527F9F14C00DA7084 /* ViewController.swift */ = {isa = PBXFileReference; lastKnownFileType = sourcecode.swift; path = ViewController.swift; sourceTree = "<group>"; };
		ABFEB70827F9F14C00DA7084 /* Base */ = {isa = PBXFileReference; lastKnownFileType = file.storyboard; name = Base; path = Base.lproj/Main.storyboard; sourceTree = "<group>"; };
		ABFEB70A27F9F14E00DA7084 /* Assets.xcassets */ = {isa = PBXFileReference; lastKnownFileType = folder.assetcatalog; path = Assets.xcassets; sourceTree = "<group>"; };
		ABFEB70D27F9F14E00DA7084 /* Base */ = {isa = PBXFileReference; lastKnownFileType = file.storyboard; name = Base; path = Base.lproj/LaunchScreen.storyboard; sourceTree = "<group>"; };
		ABFEB70F27F9F14E00DA7084 /* Info.plist */ = {isa = PBXFileReference; lastKnownFileType = text.plist.xml; path = Info.plist; sourceTree = "<group>"; };
		ABFEB71527F9F3DC00DA7084 /* APICaller.swift */ = {isa = PBXFileReference; lastKnownFileType = sourcecode.swift; path = APICaller.swift; sourceTree = "<group>"; };
		ABFEB71727FA014100DA7084 /* NewsTableViewCell.swift */ = {isa = PBXFileReference; lastKnownFileType = sourcecode.swift; path = NewsTableViewCell.swift; sourceTree = "<group>"; };
		ABFEB71927FAFD0300DA7084 /* XMLParser.swift */ = {isa = PBXFileReference; lastKnownFileType = sourcecode.swift; path = XMLParser.swift; sourceTree = "<group>"; };
/* End PBXFileReference section */

/* Begin PBXFrameworksBuildPhase section */
		ABFEB6FB27F9F14C00DA7084 /* Frameworks */ = {
			isa = PBXFrameworksBuildPhase;
			buildActionMask = 2147483647;
			files = (
			);
			runOnlyForDeploymentPostprocessing = 0;
		};
/* End PBXFrameworksBuildPhase section */

/* Begin PBXGroup section */
		ABFEB6F527F9F14C00DA7084 = {
			isa = PBXGroup;
			children = (
				ABFEB70027F9F14C00DA7084 /* Il Post News */,
				ABFEB6FF27F9F14C00DA7084 /* Products */,
			);
			sourceTree = "<group>";
		};
		ABFEB6FF27F9F14C00DA7084 /* Products */ = {
			isa = PBXGroup;
			children = (
				ABFEB6FE27F9F14C00DA7084 /* Il Post News.app */,
			);
			name = Products;
			sourceTree = "<group>";
		};
		ABFEB70027F9F14C00DA7084 /* Il Post News */ = {
			isa = PBXGroup;
			children = (
				ABFEB70127F9F14C00DA7084 /* AppDelegate.swift */,
				ABFEB70327F9F14C00DA7084 /* SceneDelegate.swift */,
				ABFEB70527F9F14C00DA7084 /* ViewController.swift */,
				ABFEB70727F9F14C00DA7084 /* Main.storyboard */,
				AB7AE30E2817049E00DDC186 /* WebView.swift */,
				ABFEB70A27F9F14E00DA7084 /* Assets.xcassets */,
				ABFEB70C27F9F14E00DA7084 /* LaunchScreen.storyboard */,
				ABFEB70F27F9F14E00DA7084 /* Info.plist */,
				ABFEB71527F9F3DC00DA7084 /* APICaller.swift */,
				ABFEB71727FA014100DA7084 /* NewsTableViewCell.swift */,
				ABFEB71927FAFD0300DA7084 /* XMLParser.swift */,
				AB7AE31028173C5400DDC186 /* OfflineScreen.swift */,
			);
			path = "Il Post News";
			sourceTree = "<group>";
		};
/* End PBXGroup section */

/* Begin PBXNativeTarget section */
		ABFEB6FD27F9F14C00DA7084 /* Il Post News */ = {
			isa = PBXNativeTarget;
			buildConfigurationList = ABFEB71227F9F14E00DA7084 /* Build configuration list for PBXNativeTarget "Il Post News" */;
			buildPhases = (
				ABFEB6FA27F9F14C00DA7084 /* Sources */,
				ABFEB6FB27F9F14C00DA7084 /* Frameworks */,
				ABFEB6FC27F9F14C00DA7084 /* Resources */,
			);
			buildRules = (
			);
			dependencies = (
			);
			name = "Il Post News";
			productName = "Il Post News";
			productReference = ABFEB6FE27F9F14C00DA7084 /* Il Post News.app */;
			productType = "com.apple.product-type.application";
		};
/* End PBXNativeTarget section */

/* Begin PBXProject section */
		ABFEB6F627F9F14C00DA7084 /* Project object */ = {
			isa = PBXProject;
			attributes = {
				BuildIndependentTargetsInParallel = 1;
				LastSwiftUpdateCheck = 1320;
				LastUpgradeCheck = 1320;
				TargetAttributes = {
					ABFEB6FD27F9F14C00DA7084 = {
						CreatedOnToolsVersion = 13.2.1;
					};
				};
			};
			buildConfigurationList = ABFEB6F927F9F14C00DA7084 /* Build configuration list for PBXProject "Il Post News" */;
			compatibilityVersion = "Xcode 13.0";
			developmentRegion = en;
			hasScannedForEncodings = 0;
			knownRegions = (
				en,
				Base,
			);
			mainGroup = ABFEB6F527F9F14C00DA7084;
			productRefGroup = ABFEB6FF27F9F14C00DA7084 /* Products */;
			projectDirPath = "";
			projectRoot = "";
			targets = (
				ABFEB6FD27F9F14C00DA7084 /* Il Post News */,
			);
		};
/* End PBXProject section */

/* Begin PBXResourcesBuildPhase section */
		ABFEB6FC27F9F14C00DA7084 /* Resources */ = {
			isa = PBXResourcesBuildPhase;
			buildActionMask = 2147483647;
			files = (
				ABFEB70E27F9F14E00DA7084 /* LaunchScreen.storyboard in Resources */,
				ABFEB70B27F9F14E00DA7084 /* Assets.xcassets in Resources */,
				ABFEB70927F9F14C00DA7084 /* Main.storyboard in Resources */,
			);
			runOnlyForDeploymentPostprocessing = 0;
		};
/* End PBXResourcesBuildPhase section */

/* Begin PBXSourcesBuildPhase section */
		ABFEB6FA27F9F14C00DA7084 /* Sources */ = {
			isa = PBXSourcesBuildPhase;
			buildActionMask = 2147483647;
			files = (
				ABFEB70627F9F14C00DA7084 /* ViewController.swift in Sources */,
				AB7AE31128173C5400DDC186 /* OfflineScreen.swift in Sources */,
				ABFEB70227F9F14C00DA7084 /* AppDelegate.swift in Sources */,
				ABFEB71A27FAFD0300DA7084 /* XMLParser.swift in Sources */,
				ABFEB71827FA014100DA7084 /* NewsTableViewCell.swift in Sources */,
				ABFEB70427F9F14C00DA7084 /* SceneDelegate.swift in Sources */,
				ABFEB71627F9F3DC00DA7084 /* APICaller.swift in Sources */,
				AB7AE30F2817049E00DDC186 /* WebView.swift in Sources */,
			);
			runOnlyForDeploymentPostprocessing = 0;
		};
/* End PBXSourcesBuildPhase section */

/* Begin PBXVariantGroup section */
		ABFEB70727F9F14C00DA7084 /* Main.storyboard */ = {
			isa = PBXVariantGroup;
			children = (
				ABFEB70827F9F14C00DA7084 /* Base */,
			);
			name = Main.storyboard;
			sourceTree = "<group>";
		};
		ABFEB70C27F9F14E00DA7084 /* LaunchScreen.storyboard */ = {
			isa = PBXVariantGroup;
			children = (
				ABFEB70D27F9F14E00DA7084 /* Base */,
			);
			name = LaunchScreen.storyboard;
			sourceTree = "<group>";
		};
/* End PBXVariantGroup section */

/* Begin XCBuildConfiguration section */
		ABFEB71027F9F14E00DA7084 /* Debug */ = {
			isa = XCBuildConfiguration;
			buildSettings = {
				ALWAYS_SEARCH_USER_PATHS = NO;
				CLANG_ANALYZER_NONNULL = YES;
				CLANG_ANALYZER_NUMBER_OBJECT_CONVERSION = YES_AGGRESSIVE;
				CLANG_CXX_LANGUAGE_STANDARD = "gnu++17";
				CLANG_CXX_LIBRARY = "libc++";
				CLANG_ENABLE_MODULES = YES;
				CLANG_ENABLE_OBJC_ARC = YES;
				CLANG_ENABLE_OBJC_WEAK = YES;
				CLANG_WARN_BLOCK_CAPTURE_AUTORELEASING = YES;
				CLANG_WARN_BOOL_CONVERSION = YES;
				CLANG_WARN_COMMA = YES;
				CLANG_WARN_CONSTANT_CONVERSION = YES;
				CLANG_WARN_DEPRECATED_OBJC_IMPLEMENTATIONS = YES;
				CLANG_WARN_DIRECT_OBJC_ISA_USAGE = YES_ERROR;
				CLANG_WARN_DOCUMENTATION_COMMENTS = YES;
				CLANG_WARN_EMPTY_BODY = YES;
				CLANG_WARN_ENUM_CONVERSION = YES;
				CLANG_WARN_INFINITE_RECURSION = YES;
				CLANG_WARN_INT_CONVERSION = YES;
				CLANG_WARN_NON_LITERAL_NULL_CONVERSION = YES;
				CLANG_WARN_OBJC_IMPLICIT_RETAIN_SELF = YES;
				CLANG_WARN_OBJC_LITERAL_CONVERSION = YES;
				CLANG_WARN_OBJC_ROOT_CLASS = YES_ERROR;
				CLANG_WARN_QUOTED_INCLUDE_IN_FRAMEWORK_HEADER = YES;
				CLANG_WARN_RANGE_LOOP_ANALYSIS = YES;
				CLANG_WARN_STRICT_PROTOTYPES = YES;
				CLANG_WARN_SUSPICIOUS_MOVE = YES;
				CLANG_WARN_UNGUARDED_AVAILABILITY = YES_AGGRESSIVE;
				CLANG_WARN_UNREACHABLE_CODE = YES;
				CLANG_WARN__DUPLICATE_METHOD_MATCH = YES;
				COPY_PHASE_STRIP = NO;
				DEBUG_INFORMATION_FORMAT = dwarf;
				ENABLE_STRICT_OBJC_MSGSEND = YES;
				ENABLE_TESTABILITY = YES;
				GCC_C_LANGUAGE_STANDARD = gnu11;
				GCC_DYNAMIC_NO_PIC = NO;
				GCC_NO_COMMON_BLOCKS = YES;
				GCC_OPTIMIZATION_LEVEL = 0;
				GCC_PREPROCESSOR_DEFINITIONS = (
					"DEBUG=1",
					"$(inherited)",
				);
				GCC_WARN_64_TO_32_BIT_CONVERSION = YES;
				GCC_WARN_ABOUT_RETURN_TYPE = YES_ERROR;
				GCC_WARN_UNDECLARED_SELECTOR = YES;
				GCC_WARN_UNINITIALIZED_AUTOS = YES_AGGRESSIVE;
				GCC_WARN_UNUSED_FUNCTION = YES;
				GCC_WARN_UNUSED_VARIABLE = YES;
				IPHONEOS_DEPLOYMENT_TARGET = 15.2;
				MTL_ENABLE_DEBUG_INFO = INCLUDE_SOURCE;
				MTL_FAST_MATH = YES;
				ONLY_ACTIVE_ARCH = YES;
				SDKROOT = iphoneos;
				SWIFT_ACTIVE_COMPILATION_CONDITIONS = DEBUG;
				SWIFT_OPTIMIZATION_LEVEL = "-Onone";
			};
			name = Debug;
		};
		ABFEB71127F9F14E00DA7084 /* Release */ = {
			isa = XCBuildConfiguration;
			buildSettings = {
				ALWAYS_SEARCH_USER_PATHS = NO;
				CLANG_ANALYZER_NONNULL = YES;
				CLANG_ANALYZER_NUMBER_OBJECT_CONVERSION = YES_AGGRESSIVE;
				CLANG_CXX_LANGUAGE_STANDARD = "gnu++17";
				CLANG_CXX_LIBRARY = "libc++";
				CLANG_ENABLE_MODULES = YES;
				CLANG_ENABLE_OBJC_ARC = YES;
				CLANG_ENABLE_OBJC_WEAK = YES;
				CLANG_WARN_BLOCK_CAPTURE_AUTORELEASING = YES;
				CLANG_WARN_BOOL_CONVERSION = YES;
				CLANG_WARN_COMMA = YES;
				CLANG_WARN_CONSTANT_CONVERSION = YES;
				CLANG_WARN_DEPRECATED_OBJC_IMPLEMENTATIONS = YES;
				CLANG_WARN_DIRECT_OBJC_ISA_USAGE = YES_ERROR;
				CLANG_WARN_DOCUMENTATION_COMMENTS = YES;
				CLANG_WARN_EMPTY_BODY = YES;
				CLANG_WARN_ENUM_CONVERSION = YES;
				CLANG_WARN_INFINITE_RECURSION = YES;
				CLANG_WARN_INT_CONVERSION = YES;
				CLANG_WARN_NON_LITERAL_NULL_CONVERSION = YES;
				CLANG_WARN_OBJC_IMPLICIT_RETAIN_SELF = YES;
				CLANG_WARN_OBJC_LITERAL_CONVERSION = YES;
				CLANG_WARN_OBJC_ROOT_CLASS = YES_ERROR;
				CLANG_WARN_QUOTED_INCLUDE_IN_FRAMEWORK_HEADER = YES;
				CLANG_WARN_RANGE_LOOP_ANALYSIS = YES;
				CLANG_WARN_STRICT_PROTOTYPES = YES;
				CLANG_WARN_SUSPICIOUS_MOVE = YES;
				CLANG_WARN_UNGUARDED_AVAILABILITY = YES_AGGRESSIVE;
				CLANG_WARN_UNREACHABLE_CODE = YES;
				CLANG_WARN__DUPLICATE_METHOD_MATCH = YES;
				COPY_PHASE_STRIP = NO;
				DEBUG_INFORMATION_FORMAT = "dwarf-with-dsym";
				ENABLE_NS_ASSERTIONS = NO;
				ENABLE_STRICT_OBJC_MSGSEND = YES;
				GCC_C_LANGUAGE_STANDARD = gnu11;
				GCC_NO_COMMON_BLOCKS = YES;
				GCC_WARN_64_TO_32_BIT_CONVERSION = YES;
				GCC_WARN_ABOUT_RETURN_TYPE = YES_ERROR;
				GCC_WARN_UNDECLARED_SELECTOR = YES;
				GCC_WARN_UNINITIALIZED_AUTOS = YES_AGGRESSIVE;
				GCC_WARN_UNUSED_FUNCTION = YES;
				GCC_WARN_UNUSED_VARIABLE = YES;
				IPHONEOS_DEPLOYMENT_TARGET = 15.2;
				MTL_ENABLE_DEBUG_INFO = NO;
				MTL_FAST_MATH = YES;
				SDKROOT = iphoneos;
				SWIFT_COMPILATION_MODE = wholemodule;
				SWIFT_OPTIMIZATION_LEVEL = "-O";
				VALIDATE_PRODUCT = YES;
			};
			name = Release;
		};
		ABFEB71327F9F14E00DA7084 /* Debug */ = {
			isa = XCBuildConfiguration;
			buildSettings = {
				ASSETCATALOG_COMPILER_APPICON_NAME = AppIcon;
				ASSETCATALOG_COMPILER_GLOBAL_ACCENT_COLOR_NAME = AccentColor;
				CODE_SIGN_STYLE = Automatic;
				CURRENT_PROJECT_VERSION = 1;
				DEVELOPMENT_TEAM = 7QY2Q88H7U;
				GENERATE_INFOPLIST_FILE = YES;
				INFOPLIST_FILE = "Il Post News/Info.plist";
				INFOPLIST_KEY_UIApplicationSupportsIndirectInputEvents = YES;
				INFOPLIST_KEY_UILaunchStoryboardName = LaunchScreen;
				INFOPLIST_KEY_UIMainStoryboardFile = Main;
				INFOPLIST_KEY_UISupportedInterfaceOrientations_iPad = "UIInterfaceOrientationPortrait UIInterfaceOrientationPortraitUpsideDown UIInterfaceOrientationLandscapeLeft UIInterfaceOrientationLandscapeRight";
				INFOPLIST_KEY_UISupportedInterfaceOrientations_iPhone = "UIInterfaceOrientationPortrait UIInterfaceOrientationLandscapeLeft UIInterfaceOrientationLandscapeRight";
				LD_RUNPATH_SEARCH_PATHS = (
					"$(inherited)",
					"@executable_path/Frameworks",
				);
				MARKETING_VERSION = 1.0;
				PRODUCT_BUNDLE_IDENTIFIER = "com.lucagrana.Il-Post-News";
				PRODUCT_NAME = "$(TARGET_NAME)";
				SWIFT_EMIT_LOC_STRINGS = YES;
				SWIFT_VERSION = 5.0;
				TARGETED_DEVICE_FAMILY = "1,2";
			};
			name = Debug;
		};
		ABFEB71427F9F14E00DA7084 /* Release */ = {
			isa = XCBuildConfiguration;
			buildSettings = {
				ASSETCATALOG_COMPILER_APPICON_NAME = AppIcon;
				ASSETCATALOG_COMPILER_GLOBAL_ACCENT_COLOR_NAME = AccentColor;
				CODE_SIGN_STYLE = Automatic;
				CURRENT_PROJECT_VERSION = 1;
				DEVELOPMENT_TEAM = 7QY2Q88H7U;
				GENERATE_INFOPLIST_FILE = YES;
				INFOPLIST_FILE = "Il Post News/Info.plist";
				INFOPLIST_KEY_UIApplicationSupportsIndirectInputEvents = YES;
				INFOPLIST_KEY_UILaunchStoryboardName = LaunchScreen;
				INFOPLIST_KEY_UIMainStoryboardFile = Main;
				INFOPLIST_KEY_UISupportedInterfaceOrientations_iPad = "UIInterfaceOrientationPortrait UIInterfaceOrientationPortraitUpsideDown UIInterfaceOrientationLandscapeLeft UIInterfaceOrientationLandscapeRight";
				INFOPLIST_KEY_UISupportedInterfaceOrientations_iPhone = "UIInterfaceOrientationPortrait UIInterfaceOrientationLandscapeLeft UIInterfaceOrientationLandscapeRight";
				LD_RUNPATH_SEARCH_PATHS = (
					"$(inherited)",
					"@executable_path/Frameworks",
				);
				MARKETING_VERSION = 1.0;
				PRODUCT_BUNDLE_IDENTIFIER = "com.lucagrana.Il-Post-News";
				PRODUCT_NAME = "$(TARGET_NAME)";
				SWIFT_EMIT_LOC_STRINGS = YES;
				SWIFT_VERSION = 5.0;
				TARGETED_DEVICE_FAMILY = "1,2";
			};
			name = Release;
		};
/* End XCBuildConfiguration section */

/* Begin XCConfigurationList section */
		ABFEB6F927F9F14C00DA7084 /* Build configuration list for PBXProject "Il Post News" */ = {
			isa = XCConfigurationList;
			buildConfigurations = (
				ABFEB71027F9F14E00DA7084 /* Debug */,
				ABFEB71127F9F14E00DA7084 /* Release */,
			);
			defaultConfigurationIsVisible = 0;
			defaultConfigurationName = Release;
		};
		ABFEB71227F9F14E00DA7084 /* Build configuration list for PBXNativeTarget "Il Post News" */ = {
			isa = XCConfigurationList;
			buildConfigurations = (
				ABFEB71327F9F14E00DA7084 /* Debug */,
				ABFEB71427F9F14E00DA7084 /* Release */,
			);
			defaultConfigurationIsVisible = 0;
			defaultConfigurationName = Release;
		};
/* End XCConfigurationList section */
	};
	rootObject = ABFEB6F627F9F14C00DA7084 /* Project object */;
}
